
Microsoft Visual Studio Solution File, Format Version 12.00
# Visual Studio 15
VisualStudioVersion = 15.0.27703.2042
MinimumVisualStudioVersion = 10.0.40219.1
Project("{FAE04EC0-301F-11D3-BF4B-00C04F79EFBC}") = "ExamenTorres2", "ExamenTorres2\ExamenTorres2.csproj", "{19DF40E0-0D3D-444A-9577-F575917A1617}"
EndProject
Global
	GlobalSection(SolutionConfigurationPlatforms) = preSolution
		Debug|Any CPU = Debug|Any CPU
		Release|Any CPU = Release|Any CPU
	EndGlobalSection
	GlobalSection(ProjectConfigurationPlatforms) = postSolution
		{19DF40E0-0D3D-444A-9577-F575917A1617}.Debug|Any CPU.ActiveCfg = Debug|Any CPU
		{19DF40E0-0D3D-444A-9577-F575917A1617}.Debug|Any CPU.Build.0 = Debug|Any CPU
		{19DF40E0-0D3D-444A-9577-F575917A1617}.Release|Any CPU.ActiveCfg = Release|Any CPU
		{19DF40E0-0D3D-444A-9577-F575917A1617}.Release|Any CPU.Build.0 = Release|Any CPU
	EndGlobalSection
	GlobalSection(SolutionProperties) = preSolution
		HideSolutionNode = FALSE
	EndGlobalSection
	GlobalSection(ExtensibilityGlobals) = postSolution
		SolutionGuid = {DA13FFE4-0EBE-4D73-B7E0-E9507AAB04F6}
	EndGlobalSection
EndGlobal
